
Microsoft Visual Studio Solution File, Format Version 12.00
# Visual Studio 15
VisualStudioVersion = 15.0.27703.2026
MinimumVisualStudioVersion = 10.0.40219.1
Project("{9A19103F-16F7-4668-BE54-9A1E7A4F7556}") = "WorkingWithDataSheet", "ConsoleApp1\WorkingWithDataSheet.csproj", "{50D2948E-4214-4639-B650-C77BCE5616B1}"
EndProject
Project("{FAE04EC0-301F-11D3-BF4B-00C04F79EFBC}") = "WorkingWithDataSheet.Tests", "WorkingWithDataSheet.Tests\WorkingWithDataSheet.Tests.csproj", "{F73D2078-1FF4-423B-8410-B0F36EF11A1C}"
EndProject
Global
	GlobalSection(SolutionConfigurationPlatforms) = preSolution
		Debug|Any CPU = Debug|Any CPU
		Release|Any CPU = Release|Any CPU
	EndGlobalSection
	GlobalSection(ProjectConfigurationPlatforms) = postSolution
		{50D2948E-4214-4639-B650-C77BCE5616B1}.Debug|Any CPU.ActiveCfg = Debug|Any CPU
		{50D2948E-4214-4639-B650-C77BCE5616B1}.Debug|Any CPU.Build.0 = Debug|Any CPU
		{50D2948E-4214-4639-B650-C77BCE5616B1}.Release|Any CPU.ActiveCfg = Release|Any CPU
		{50D2948E-4214-4639-B650-C77BCE5616B1}.Release|Any CPU.Build.0 = Release|Any CPU
		{F73D2078-1FF4-423B-8410-B0F36EF11A1C}.Debug|Any CPU.ActiveCfg = Debug|Any CPU
		{F73D2078-1FF4-423B-8410-B0F36EF11A1C}.Debug|Any CPU.Build.0 = Debug|Any CPU
		{F73D2078-1FF4-423B-8410-B0F36EF11A1C}.Release|Any CPU.ActiveCfg = Release|Any CPU
		{F73D2078-1FF4-423B-8410-B0F36EF11A1C}.Release|Any CPU.Build.0 = Release|Any CPU
	EndGlobalSection
	GlobalSection(SolutionProperties) = preSolution
		HideSolutionNode = FALSE
	EndGlobalSection
	GlobalSection(ExtensibilityGlobals) = postSolution
		SolutionGuid = {E969D662-45FC-4C2B-9CC8-1749784B8081}
	EndGlobalSection
EndGlobal
